// !$*UTF8*$!
{
	archiveVersion = 1;
	classes = {
	};
	objectVersion = 46;
	objects = {

/* Begin PBXBuildFile section */
		AB73427A1D593ECD00F2106E /* AppDelegate.swift in Sources */ = {isa = PBXBuildFile; fileRef = AB7342791D593ECD00F2106E /* AppDelegate.swift */; };
		AB73427C1D593ECD00F2106E /* ViewController.swift in Sources */ = {isa = PBXBuildFile; fileRef = AB73427B1D593ECD00F2106E /* ViewController.swift */; };
		AB73427F1D593ECD00F2106E /* Main.storyboard in Resources */ = {isa = PBXBuildFile; fileRef = AB73427D1D593ECD00F2106E /* Main.storyboard */; };
		AB7342811D593ECD00F2106E /* Assets.xcassets in Resources */ = {isa = PBXBuildFile; fileRef = AB7342801D593ECD00F2106E /* Assets.xcassets */; };
		AB7342841D593ECD00F2106E /* LaunchScreen.storyboard in Resources */ = {isa = PBXBuildFile; fileRef = AB7342821D593ECD00F2106E /* LaunchScreen.storyboard */; };
/* End PBXBuildFile section */

/* Begin PBXFileReference section */
		AB7342761D593ECD00F2106E /* MiraclePills.app */ = {isa = PBXFileReference; explicitFileType = wrapper.application; includeInIndex = 0; path = MiraclePills.app; sourceTree = BUILT_PRODUCTS_DIR; };
		AB7342791D593ECD00F2106E /* AppDelegate.swift */ = {isa = PBXFileReference; lastKnownFileType = sourcecode.swift; path = AppDelegate.swift; sourceTree = "<group>"; };
		AB73427B1D593ECD00F2106E /* ViewController.swift */ = {isa = PBXFileReference; lastKnownFileType = sourcecode.swift; path = ViewController.swift; sourceTree = "<group>"; };
		AB73427E1D593ECD00F2106E /* Base */ = {isa = PBXFileReference; lastKnownFileType = file.storyboard; name = Base; path = Base.lproj/Main.storyboard; sourceTree = "<group>"; };
		AB7342801D593ECD00F2106E /* Assets.xcassets */ = {isa = PBXFileReference; lastKnownFileType = folder.assetcatalog; path = Assets.xcassets; sourceTree = "<group>"; };
		AB7342831D593ECD00F2106E /* Base */ = {isa = PBXFileReference; lastKnownFileType = file.storyboard; name = Base; path = Base.lproj/LaunchScreen.storyboard; sourceTree = "<group>"; };
		AB7342851D593ECD00F2106E /* Info.plist */ = {isa = PBXFileReference; lastKnownFileType = text.plist.xml; path = Info.plist; sourceTree = "<group>"; };
/* End PBXFileReference section */

/* Begin PBXFrameworksBuildPhase section */
		AB7342731D593ECD00F2106E /* Frameworks */ = {
			isa = PBXFrameworksBuildPhase;
			buildActionMask = 2147483647;
			files = (
			);
			runOnlyForDeploymentPostprocessing = 0;
		};
/* End PBXFrameworksBuildPhase section */

/* Begin PBXGroup section */
		AB73426D1D593ECD00F2106E = {
			isa = PBXGroup;
			children = (
				AB7342781D593ECD00F2106E /* MiraclePills */,
				AB7342771D593ECD00F2106E /* Products */,
			);
			sourceTree = "<group>";
		};
		AB7342771D593ECD00F2106E /* Products */ = {
			isa = PBXGroup;
			children = (
				AB7342761D593ECD00F2106E /* MiraclePills.app */,
			);
			name = Products;
			sourceTree = "<group>";
		};
		AB7342781D593ECD00F2106E /* MiraclePills */ = {
			isa = PBXGroup;
			children = (
				AB7342791D593ECD00F2106E /* AppDelegate.swift */,
				AB73428C1D593F4000F2106E /* Storyboards */,
				AB73428B1D593F3900F2106E /* Controllers */,
				AB73428E1D59427500F2106E /* Resources */,
				AB73428D1D5941E300F2106E /* Supporting Files */,
			);
			path = MiraclePills;
			sourceTree = "<group>";
		};
		AB73428B1D593F3900F2106E /* Controllers */ = {
			isa = PBXGroup;
			children = (
				AB73427B1D593ECD00F2106E /* ViewController.swift */,
			);
			name = Controllers;
			sourceTree = "<group>";
		};
		AB73428C1D593F4000F2106E /* Storyboards */ = {
			isa = PBXGroup;
			children = (
				AB73427D1D593ECD00F2106E /* Main.storyboard */,
				AB7342821D593ECD00F2106E /* LaunchScreen.storyboard */,
			);
			name = Storyboards;
			sourceTree = "<group>";
		};
		AB73428D1D5941E300F2106E /* Supporting Files */ = {
			isa = PBXGroup;
			children = (
				AB7342851D593ECD00F2106E /* Info.plist */,
			);
			name = "Supporting Files";
			sourceTree = "<group>";
		};
		AB73428E1D59427500F2106E /* Resources */ = {
			isa = PBXGroup;
			children = (
				AB7342801D593ECD00F2106E /* Assets.xcassets */,
			);
			name = Resources;
			sourceTree = "<group>";
		};
/* End PBXGroup section */

/* Begin PBXNativeTarget section */
		AB7342751D593ECD00F2106E /* MiraclePills */ = {
			isa = PBXNativeTarget;
			buildConfigurationList = AB7342881D593ECD00F2106E /* Build configuration list for PBXNativeTarget "MiraclePills" */;
			buildPhases = (
				AB7342721D593ECD00F2106E /* Sources */,
				AB7342731D593ECD00F2106E /* Frameworks */,
				AB7342741D593ECD00F2106E /* Resources */,
			);
			buildRules = (
			);
			dependencies = (
			);
			name = MiraclePills;
			productName = MiraclePills;
			productReference = AB7342761D593ECD00F2106E /* MiraclePills.app */;
			productType = "com.apple.product-type.application";
		};
/* End PBXNativeTarget section */

/* Begin PBXProject section */
		AB73426E1D593ECD00F2106E /* Project object */ = {
			isa = PBXProject;
			attributes = {
				LastSwiftUpdateCheck = 0800;
				LastUpgradeCheck = 0800;
				ORGANIZATIONNAME = "Bromance Labs";
				TargetAttributes = {
					AB7342751D593ECD00F2106E = {
						CreatedOnToolsVersion = 8.0;
						DevelopmentTeam = Z3FS782G54;
						ProvisioningStyle = Automatic;
					};
				};
			};
			buildConfigurationList = AB7342711D593ECD00F2106E /* Build configuration list for PBXProject "MiraclePills" */;
			compatibilityVersion = "Xcode 3.2";
			developmentRegion = English;
			hasScannedForEncodings = 0;
			knownRegions = (
				en,
				Base,
			);
			mainGroup = AB73426D1D593ECD00F2106E;
			productRefGroup = AB7342771D593ECD00F2106E /* Products */;
			projectDirPath = "";
			projectRoot = "";
			targets = (
				AB7342751D593ECD00F2106E /* MiraclePills */,
			);
		};
/* End PBXProject section */

/* Begin PBXResourcesBuildPhase section */
		AB7342741D593ECD00F2106E /* Resources */ = {
			isa = PBXResourcesBuildPhase;
			buildActionMask = 2147483647;
			files = (
				AB7342841D593ECD00F2106E /* LaunchScreen.storyboard in Resources */,
				AB7342811D593ECD00F2106E /* Assets.xcassets in Resources */,
				AB73427F1D593ECD00F2106E /* Main.storyboard in Resources */,
			);
			runOnlyForDeploymentPostprocessing = 0;
		};
/* End PBXResourcesBuildPhase section */

/* Begin PBXSourcesBuildPhase section */
		AB7342721D593ECD00F2106E /* Sources */ = {
			isa = PBXSourcesBuildPhase;
			buildActionMask = 2147483647;
			files = (
				AB73427C1D593ECD00F2106E /* ViewController.swift in Sources */,
				AB73427A1D593ECD00F2106E /* AppDelegate.swift in Sources */,
			);
			runOnlyForDeploymentPostprocessing = 0;
		};
/* End PBXSourcesBuildPhase section */

/* Begin PBXVariantGroup section */
		AB73427D1D593ECD00F2106E /* Main.storyboard */ = {
			isa = PBXVariantGroup;
			children = (
				AB73427E1D593ECD00F2106E /* Base */,
			);
			name = Main.storyboard;
			sourceTree = "<group>";
		};
		AB7342821D593ECD00F2106E /* LaunchScreen.storyboard */ = {
			isa = PBXVariantGroup;
			children = (
				AB7342831D593ECD00F2106E /* Base */,
			);
			name = LaunchScreen.storyboard;
			sourceTree = "<group>";
		};
/* End PBXVariantGroup section */

/* Begin XCBuildConfiguration section */
		AB7342861D593ECD00F2106E /* Debug */ = {
			isa = XCBuildConfiguration;
			buildSettings = {
				ALWAYS_SEARCH_USER_PATHS = NO;
				CLANG_ANALYZER_NONNULL = YES;
				CLANG_CXX_LANGUAGE_STANDARD = "gnu++0x";
				CLANG_CXX_LIBRARY = "libc++";
				CLANG_ENABLE_MODULES = YES;
				CLANG_ENABLE_OBJC_ARC = YES;
				CLANG_WARN_BOOL_CONVERSION = YES;
				CLANG_WARN_CONSTANT_CONVERSION = YES;
				CLANG_WARN_DIRECT_OBJC_ISA_USAGE = YES_ERROR;
				CLANG_WARN_DOCUMENTATION_COMMENTS = YES;
				CLANG_WARN_EMPTY_BODY = YES;
				CLANG_WARN_ENUM_CONVERSION = YES;
				CLANG_WARN_INFINITE_RECURSION = YES;
				CLANG_WARN_INT_CONVERSION = YES;
				CLANG_WARN_OBJC_ROOT_CLASS = YES_ERROR;
				CLANG_WARN_SUSPICIOUS_MOVES = YES;
				CLANG_WARN_UNREACHABLE_CODE = YES;
				CLANG_WARN__DUPLICATE_METHOD_MATCH = YES;
				"CODE_SIGN_IDENTITY[sdk=iphoneos*]" = "iPhone Developer";
				COPY_PHASE_STRIP = NO;
				DEBUG_INFORMATION_FORMAT = dwarf;
				ENABLE_STRICT_OBJC_MSGSEND = YES;
				ENABLE_TESTABILITY = YES;
				GCC_C_LANGUAGE_STANDARD = gnu99;
				GCC_DYNAMIC_NO_PIC = NO;
				GCC_NO_COMMON_BLOCKS = YES;
				GCC_OPTIMIZATION_LEVEL = 0;
				GCC_PREPROCESSOR_DEFINITIONS = (
					"DEBUG=1",
					"$(inherited)",
				);
				GCC_WARN_64_TO_32_BIT_CONVERSION = YES;
				GCC_WARN_ABOUT_RETURN_TYPE = YES_ERROR;
				GCC_WARN_UNDECLARED_SELECTOR = YES;
				GCC_WARN_UNINITIALIZED_AUTOS = YES_AGGRESSIVE;
				GCC_WARN_UNUSED_FUNCTION = YES;
				GCC_WARN_UNUSED_VARIABLE = YES;
				IPHONEOS_DEPLOYMENT_TARGET = 10.0;
				MTL_ENABLE_DEBUG_INFO = YES;
				ONLY_ACTIVE_ARCH = YES;
				SDKROOT = iphoneos;
				SWIFT_ACTIVE_COMPILATION_CONDITIONS = DEBUG;
				SWIFT_OPTIMIZATION_LEVEL = "-Onone";
				TARGETED_DEVICE_FAMILY = "1,2";
			};
			name = Debug;
		};
		AB7342871D593ECD00F2106E /* Release */ = {
			isa = XCBuildConfiguration;
			buildSettings = {
				ALWAYS_SEARCH_USER_PATHS = NO;
				CLANG_ANALYZER_NONNULL = YES;
				CLANG_CXX_LANGUAGE_STANDARD = "gnu++0x";
				CLANG_CXX_LIBRARY = "libc++";
				CLANG_ENABLE_MODULES = YES;
				CLANG_ENABLE_OBJC_ARC = YES;
				CLANG_WARN_BOOL_CONVERSION = YES;
				CLANG_WARN_CONSTANT_CONVERSION = YES;
				CLANG_WARN_DIRECT_OBJC_ISA_USAGE = YES_ERROR;
				CLANG_WARN_DOCUMENTATION_COMMENTS = YES;
				CLANG_WARN_EMPTY_BODY = YES;
				CLANG_WARN_ENUM_CONVERSION = YES;
				CLANG_WARN_INFINITE_RECURSION = YES;
				CLANG_WARN_INT_CONVERSION = YES;
				CLANG_WARN_OBJC_ROOT_CLASS = YES_ERROR;
				CLANG_WARN_SUSPICIOUS_MOVES = YES;
				CLANG_WARN_UNREACHABLE_CODE = YES;
				CLANG_WARN__DUPLICATE_METHOD_MATCH = YES;
				"CODE_SIGN_IDENTITY[sdk=iphoneos*]" = "iPhone Developer";
				COPY_PHASE_STRIP = NO;
				DEBUG_INFORMATION_FORMAT = "dwarf-with-dsym";
				ENABLE_NS_ASSERTIONS = NO;
				ENABLE_STRICT_OBJC_MSGSEND = YES;
				GCC_C_LANGUAGE_STANDARD = gnu99;
				GCC_NO_COMMON_BLOCKS = YES;
				GCC_WARN_64_TO_32_BIT_CONVERSION = YES;
				GCC_WARN_ABOUT_RETURN_TYPE = YES_ERROR;
				GCC_WARN_UNDECLARED_SELECTOR = YES;
				GCC_WARN_UNINITIALIZED_AUTOS = YES_AGGRESSIVE;
				GCC_WARN_UNUSED_FUNCTION = YES;
				GCC_WARN_UNUSED_VARIABLE = YES;
				IPHONEOS_DEPLOYMENT_TARGET = 10.0;
				MTL_ENABLE_DEBUG_INFO = NO;
				SDKROOT = iphoneos;
				SWIFT_OPTIMIZATION_LEVEL = "-Owholemodule";
				TARGETED_DEVICE_FAMILY = "1,2";
				VALIDATE_PRODUCT = YES;
			};
			name = Release;
		};
		AB7342891D593ECD00F2106E /* Debug */ = {
			isa = XCBuildConfiguration;
			buildSettings = {
				ASSETCATALOG_COMPILER_APPICON_NAME = AppIcon;
				DEVELOPMENT_TEAM = Z3FS782G54;
				INFOPLIST_FILE = MiraclePills/Info.plist;
				LD_RUNPATH_SEARCH_PATHS = "$(inherited) @executable_path/Frameworks";
				PRODUCT_BUNDLE_IDENTIFIER = com.bromancelabs.devslopes.MiraclePills;
				PRODUCT_NAME = "$(TARGET_NAME)";
				SWIFT_VERSION = 3.0;
			};
			name = Debug;
		};
		AB73428A1D593ECD00F2106E /* Release */ = {
			isa = XCBuildConfiguration;
			buildSettings = {
				ASSETCATALOG_COMPILER_APPICON_NAME = AppIcon;
				DEVELOPMENT_TEAM = Z3FS782G54;
				INFOPLIST_FILE = MiraclePills/Info.plist;
				LD_RUNPATH_SEARCH_PATHS = "$(inherited) @executable_path/Frameworks";
				PRODUCT_BUNDLE_IDENTIFIER = com.bromancelabs.devslopes.MiraclePills;
				PRODUCT_NAME = "$(TARGET_NAME)";
				SWIFT_VERSION = 3.0;
			};
			name = Release;
		};
/* End XCBuildConfiguration section */

/* Begin XCConfigurationList section */
		AB7342711D593ECD00F2106E /* Build configuration list for PBXProject "MiraclePills" */ = {
			isa = XCConfigurationList;
			buildConfigurations = (
				AB7342861D593ECD00F2106E /* Debug */,
				AB7342871D593ECD00F2106E /* Release */,
			);
			defaultConfigurationIsVisible = 0;
			defaultConfigurationName = Release;
		};
		AB7342881D593ECD00F2106E /* Build configuration list for PBXNativeTarget "MiraclePills" */ = {
			isa = XCConfigurationList;
			buildConfigurations = (
				AB7342891D593ECD00F2106E /* Debug */,
				AB73428A1D593ECD00F2106E /* Release */,
			);
			defaultConfigurationIsVisible = 0;
		};
/* End XCConfigurationList section */
	};
	rootObject = AB73426E1D593ECD00F2106E /* Project object */;
}
