// !$*UTF8*$!
{
	archiveVersion = 1;
	classes = {
	};
	objectVersion = 46;
	objects = {

/* Begin PBXBuildFile section */
		ABB03A8C1D5A0B5C00580C9F /* AppDelegate.swift in Sources */ = {isa = PBXBuildFile; fileRef = ABB03A8B1D5A0B5C00580C9F /* AppDelegate.swift */; };
		ABB03A8E1D5A0B5C00580C9F /* ViewController.swift in Sources */ = {isa = PBXBuildFile; fileRef = ABB03A8D1D5A0B5C00580C9F /* ViewController.swift */; };
		ABB03A911D5A0B5C00580C9F /* Main.storyboard in Resources */ = {isa = PBXBuildFile; fileRef = ABB03A8F1D5A0B5C00580C9F /* Main.storyboard */; };
		ABB03A931D5A0B5C00580C9F /* Assets.xcassets in Resources */ = {isa = PBXBuildFile; fileRef = ABB03A921D5A0B5C00580C9F /* Assets.xcassets */; };
		ABB03A961D5A0B5C00580C9F /* LaunchScreen.storyboard in Resources */ = {isa = PBXBuildFile; fileRef = ABB03A941D5A0B5C00580C9F /* LaunchScreen.storyboard */; };
/* End PBXBuildFile section */

/* Begin PBXFileReference section */
		ABB03A881D5A0B5C00580C9F /* ScrollViews.app */ = {isa = PBXFileReference; explicitFileType = wrapper.application; includeInIndex = 0; path = ScrollViews.app; sourceTree = BUILT_PRODUCTS_DIR; };
		ABB03A8B1D5A0B5C00580C9F /* AppDelegate.swift */ = {isa = PBXFileReference; lastKnownFileType = sourcecode.swift; path = AppDelegate.swift; sourceTree = "<group>"; };
		ABB03A8D1D5A0B5C00580C9F /* ViewController.swift */ = {isa = PBXFileReference; lastKnownFileType = sourcecode.swift; path = ViewController.swift; sourceTree = "<group>"; };
		ABB03A901D5A0B5C00580C9F /* Base */ = {isa = PBXFileReference; lastKnownFileType = file.storyboard; name = Base; path = Base.lproj/Main.storyboard; sourceTree = "<group>"; };
		ABB03A921D5A0B5C00580C9F /* Assets.xcassets */ = {isa = PBXFileReference; lastKnownFileType = folder.assetcatalog; path = Assets.xcassets; sourceTree = "<group>"; };
		ABB03A951D5A0B5C00580C9F /* Base */ = {isa = PBXFileReference; lastKnownFileType = file.storyboard; name = Base; path = Base.lproj/LaunchScreen.storyboard; sourceTree = "<group>"; };
		ABB03A971D5A0B5C00580C9F /* Info.plist */ = {isa = PBXFileReference; lastKnownFileType = text.plist.xml; path = Info.plist; sourceTree = "<group>"; };
/* End PBXFileReference section */

/* Begin PBXFrameworksBuildPhase section */
		ABB03A851D5A0B5C00580C9F /* Frameworks */ = {
			isa = PBXFrameworksBuildPhase;
			buildActionMask = 2147483647;
			files = (
			);
			runOnlyForDeploymentPostprocessing = 0;
		};
/* End PBXFrameworksBuildPhase section */

/* Begin PBXGroup section */
		ABB03A7F1D5A0B5C00580C9F = {
			isa = PBXGroup;
			children = (
				ABB03A8A1D5A0B5C00580C9F /* ScrollViews */,
				ABB03A891D5A0B5C00580C9F /* Products */,
			);
			sourceTree = "<group>";
		};
		ABB03A891D5A0B5C00580C9F /* Products */ = {
			isa = PBXGroup;
			children = (
				ABB03A881D5A0B5C00580C9F /* ScrollViews.app */,
			);
			name = Products;
			sourceTree = "<group>";
		};
		ABB03A8A1D5A0B5C00580C9F /* ScrollViews */ = {
			isa = PBXGroup;
			children = (
				ABC88FEC1D5CA31800B8DF94 /* Application */,
				ABC88FE91D5CA2D400B8DF94 /* Controllers */,
				ABC88FE81D5CA2B600B8DF94 /* Storyboards */,
				ABC88FEA1D5CA2E300B8DF94 /* Resources */,
				ABC88FEB1D5CA2F600B8DF94 /* Supporting Files */,
			);
			path = ScrollViews;
			sourceTree = "<group>";
		};
		ABC88FE81D5CA2B600B8DF94 /* Storyboards */ = {
			isa = PBXGroup;
			children = (
				ABB03A941D5A0B5C00580C9F /* LaunchScreen.storyboard */,
				ABB03A8F1D5A0B5C00580C9F /* Main.storyboard */,
			);
			name = Storyboards;
			sourceTree = "<group>";
		};
		ABC88FE91D5CA2D400B8DF94 /* Controllers */ = {
			isa = PBXGroup;
			children = (
				ABB03A8D1D5A0B5C00580C9F /* ViewController.swift */,
			);
			name = Controllers;
			sourceTree = "<group>";
		};
		ABC88FEA1D5CA2E300B8DF94 /* Resources */ = {
			isa = PBXGroup;
			children = (
				ABB03A921D5A0B5C00580C9F /* Assets.xcassets */,
			);
			name = Resources;
			sourceTree = "<group>";
		};
		ABC88FEB1D5CA2F600B8DF94 /* Supporting Files */ = {
			isa = PBXGroup;
			children = (
				ABB03A971D5A0B5C00580C9F /* Info.plist */,
			);
			name = "Supporting Files";
			sourceTree = "<group>";
		};
		ABC88FEC1D5CA31800B8DF94 /* Application */ = {
			isa = PBXGroup;
			children = (
				ABB03A8B1D5A0B5C00580C9F /* AppDelegate.swift */,
			);
			name = Application;
			sourceTree = "<group>";
		};
/* End PBXGroup section */

/* Begin PBXNativeTarget section */
		ABB03A871D5A0B5C00580C9F /* ScrollViews */ = {
			isa = PBXNativeTarget;
			buildConfigurationList = ABB03A9A1D5A0B5C00580C9F /* Build configuration list for PBXNativeTarget "ScrollViews" */;
			buildPhases = (
				ABB03A841D5A0B5C00580C9F /* Sources */,
				ABB03A851D5A0B5C00580C9F /* Frameworks */,
				ABB03A861D5A0B5C00580C9F /* Resources */,
			);
			buildRules = (
			);
			dependencies = (
			);
			name = ScrollViews;
			productName = ScrollViews;
			productReference = ABB03A881D5A0B5C00580C9F /* ScrollViews.app */;
			productType = "com.apple.product-type.application";
		};
/* End PBXNativeTarget section */

/* Begin PBXProject section */
		ABB03A801D5A0B5C00580C9F /* Project object */ = {
			isa = PBXProject;
			attributes = {
				LastSwiftUpdateCheck = 0800;
				LastUpgradeCheck = 0800;
				ORGANIZATIONNAME = "Bromance Labs";
				TargetAttributes = {
					ABB03A871D5A0B5C00580C9F = {
						CreatedOnToolsVersion = 8.0;
						DevelopmentTeam = Z3FS782G54;
						ProvisioningStyle = Automatic;
					};
				};
			};
			buildConfigurationList = ABB03A831D5A0B5C00580C9F /* Build configuration list for PBXProject "ScrollViews" */;
			compatibilityVersion = "Xcode 3.2";
			developmentRegion = English;
			hasScannedForEncodings = 0;
			knownRegions = (
				en,
				Base,
			);
			mainGroup = ABB03A7F1D5A0B5C00580C9F;
			productRefGroup = ABB03A891D5A0B5C00580C9F /* Products */;
			projectDirPath = "";
			projectRoot = "";
			targets = (
				ABB03A871D5A0B5C00580C9F /* ScrollViews */,
			);
		};
/* End PBXProject section */

/* Begin PBXResourcesBuildPhase section */
		ABB03A861D5A0B5C00580C9F /* Resources */ = {
			isa = PBXResourcesBuildPhase;
			buildActionMask = 2147483647;
			files = (
				ABB03A961D5A0B5C00580C9F /* LaunchScreen.storyboard in Resources */,
				ABB03A931D5A0B5C00580C9F /* Assets.xcassets in Resources */,
				ABB03A911D5A0B5C00580C9F /* Main.storyboard in Resources */,
			);
			runOnlyForDeploymentPostprocessing = 0;
		};
/* End PBXResourcesBuildPhase section */

/* Begin PBXSourcesBuildPhase section */
		ABB03A841D5A0B5C00580C9F /* Sources */ = {
			isa = PBXSourcesBuildPhase;
			buildActionMask = 2147483647;
			files = (
				ABB03A8E1D5A0B5C00580C9F /* ViewController.swift in Sources */,
				ABB03A8C1D5A0B5C00580C9F /* AppDelegate.swift in Sources */,
			);
			runOnlyForDeploymentPostprocessing = 0;
		};
/* End PBXSourcesBuildPhase section */

/* Begin PBXVariantGroup section */
		ABB03A8F1D5A0B5C00580C9F /* Main.storyboard */ = {
			isa = PBXVariantGroup;
			children = (
				ABB03A901D5A0B5C00580C9F /* Base */,
			);
			name = Main.storyboard;
			sourceTree = "<group>";
		};
		ABB03A941D5A0B5C00580C9F /* LaunchScreen.storyboard */ = {
			isa = PBXVariantGroup;
			children = (
				ABB03A951D5A0B5C00580C9F /* Base */,
			);
			name = LaunchScreen.storyboard;
			sourceTree = "<group>";
		};
/* End PBXVariantGroup section */

/* Begin XCBuildConfiguration section */
		ABB03A981D5A0B5C00580C9F /* Debug */ = {
			isa = XCBuildConfiguration;
			buildSettings = {
				ALWAYS_SEARCH_USER_PATHS = NO;
				CLANG_ANALYZER_NONNULL = YES;
				CLANG_CXX_LANGUAGE_STANDARD = "gnu++0x";
				CLANG_CXX_LIBRARY = "libc++";
				CLANG_ENABLE_MODULES = YES;
				CLANG_ENABLE_OBJC_ARC = YES;
				CLANG_WARN_BOOL_CONVERSION = YES;
				CLANG_WARN_CONSTANT_CONVERSION = YES;
				CLANG_WARN_DIRECT_OBJC_ISA_USAGE = YES_ERROR;
				CLANG_WARN_DOCUMENTATION_COMMENTS = YES;
				CLANG_WARN_EMPTY_BODY = YES;
				CLANG_WARN_ENUM_CONVERSION = YES;
				CLANG_WARN_INFINITE_RECURSION = YES;
				CLANG_WARN_INT_CONVERSION = YES;
				CLANG_WARN_OBJC_ROOT_CLASS = YES_ERROR;
				CLANG_WARN_SUSPICIOUS_MOVES = YES;
				CLANG_WARN_UNREACHABLE_CODE = YES;
				CLANG_WARN__DUPLICATE_METHOD_MATCH = YES;
				"CODE_SIGN_IDENTITY[sdk=iphoneos*]" = "iPhone Developer";
				COPY_PHASE_STRIP = NO;
				DEBUG_INFORMATION_FORMAT = dwarf;
				ENABLE_STRICT_OBJC_MSGSEND = YES;
				ENABLE_TESTABILITY = YES;
				GCC_C_LANGUAGE_STANDARD = gnu99;
				GCC_DYNAMIC_NO_PIC = NO;
				GCC_NO_COMMON_BLOCKS = YES;
				GCC_OPTIMIZATION_LEVEL = 0;
				GCC_PREPROCESSOR_DEFINITIONS = (
					"DEBUG=1",
					"$(inherited)",
				);
				GCC_WARN_64_TO_32_BIT_CONVERSION = YES;
				GCC_WARN_ABOUT_RETURN_TYPE = YES_ERROR;
				GCC_WARN_UNDECLARED_SELECTOR = YES;
				GCC_WARN_UNINITIALIZED_AUTOS = YES_AGGRESSIVE;
				GCC_WARN_UNUSED_FUNCTION = YES;
				GCC_WARN_UNUSED_VARIABLE = YES;
				IPHONEOS_DEPLOYMENT_TARGET = 10.0;
				MTL_ENABLE_DEBUG_INFO = YES;
				ONLY_ACTIVE_ARCH = YES;
				SDKROOT = iphoneos;
				SWIFT_ACTIVE_COMPILATION_CONDITIONS = DEBUG;
				SWIFT_OPTIMIZATION_LEVEL = "-Onone";
				TARGETED_DEVICE_FAMILY = "1,2";
			};
			name = Debug;
		};
		ABB03A991D5A0B5C00580C9F /* Release */ = {
			isa = XCBuildConfiguration;
			buildSettings = {
				ALWAYS_SEARCH_USER_PATHS = NO;
				CLANG_ANALYZER_NONNULL = YES;
				CLANG_CXX_LANGUAGE_STANDARD = "gnu++0x";
				CLANG_CXX_LIBRARY = "libc++";
				CLANG_ENABLE_MODULES = YES;
				CLANG_ENABLE_OBJC_ARC = YES;
				CLANG_WARN_BOOL_CONVERSION = YES;
				CLANG_WARN_CONSTANT_CONVERSION = YES;
				CLANG_WARN_DIRECT_OBJC_ISA_USAGE = YES_ERROR;
				CLANG_WARN_DOCUMENTATION_COMMENTS = YES;
				CLANG_WARN_EMPTY_BODY = YES;
				CLANG_WARN_ENUM_CONVERSION = YES;
				CLANG_WARN_INFINITE_RECURSION = YES;
				CLANG_WARN_INT_CONVERSION = YES;
				CLANG_WARN_OBJC_ROOT_CLASS = YES_ERROR;
				CLANG_WARN_SUSPICIOUS_MOVES = YES;
				CLANG_WARN_UNREACHABLE_CODE = YES;
				CLANG_WARN__DUPLICATE_METHOD_MATCH = YES;
				"CODE_SIGN_IDENTITY[sdk=iphoneos*]" = "iPhone Developer";
				COPY_PHASE_STRIP = NO;
				DEBUG_INFORMATION_FORMAT = "dwarf-with-dsym";
				ENABLE_NS_ASSERTIONS = NO;
				ENABLE_STRICT_OBJC_MSGSEND = YES;
				GCC_C_LANGUAGE_STANDARD = gnu99;
				GCC_NO_COMMON_BLOCKS = YES;
				GCC_WARN_64_TO_32_BIT_CONVERSION = YES;
				GCC_WARN_ABOUT_RETURN_TYPE = YES_ERROR;
				GCC_WARN_UNDECLARED_SELECTOR = YES;
				GCC_WARN_UNINITIALIZED_AUTOS = YES_AGGRESSIVE;
				GCC_WARN_UNUSED_FUNCTION = YES;
				GCC_WARN_UNUSED_VARIABLE = YES;
				IPHONEOS_DEPLOYMENT_TARGET = 10.0;
				MTL_ENABLE_DEBUG_INFO = NO;
				SDKROOT = iphoneos;
				SWIFT_OPTIMIZATION_LEVEL = "-Owholemodule";
				TARGETED_DEVICE_FAMILY = "1,2";
				VALIDATE_PRODUCT = YES;
			};
			name = Release;
		};
		ABB03A9B1D5A0B5C00580C9F /* Debug */ = {
			isa = XCBuildConfiguration;
			buildSettings = {
				ASSETCATALOG_COMPILER_APPICON_NAME = AppIcon;
				DEVELOPMENT_TEAM = Z3FS782G54;
				INFOPLIST_FILE = ScrollViews/Info.plist;
				LD_RUNPATH_SEARCH_PATHS = "$(inherited) @executable_path/Frameworks";
				PRODUCT_BUNDLE_IDENTIFIER = com.bromancelabs.devslopes.ScrollViews;
				PRODUCT_NAME = "$(TARGET_NAME)";
				SWIFT_VERSION = 3.0;
			};
			name = Debug;
		};
		ABB03A9C1D5A0B5C00580C9F /* Release */ = {
			isa = XCBuildConfiguration;
			buildSettings = {
				ASSETCATALOG_COMPILER_APPICON_NAME = AppIcon;
				DEVELOPMENT_TEAM = Z3FS782G54;
				INFOPLIST_FILE = ScrollViews/Info.plist;
				LD_RUNPATH_SEARCH_PATHS = "$(inherited) @executable_path/Frameworks";
				PRODUCT_BUNDLE_IDENTIFIER = com.bromancelabs.devslopes.ScrollViews;
				PRODUCT_NAME = "$(TARGET_NAME)";
				SWIFT_VERSION = 3.0;
			};
			name = Release;
		};
/* End XCBuildConfiguration section */

/* Begin XCConfigurationList section */
		ABB03A831D5A0B5C00580C9F /* Build configuration list for PBXProject "ScrollViews" */ = {
			isa = XCConfigurationList;
			buildConfigurations = (
				ABB03A981D5A0B5C00580C9F /* Debug */,
				ABB03A991D5A0B5C00580C9F /* Release */,
			);
			defaultConfigurationIsVisible = 0;
			defaultConfigurationName = Release;
		};
		ABB03A9A1D5A0B5C00580C9F /* Build configuration list for PBXNativeTarget "ScrollViews" */ = {
			isa = XCConfigurationList;
			buildConfigurations = (
				ABB03A9B1D5A0B5C00580C9F /* Debug */,
				ABB03A9C1D5A0B5C00580C9F /* Release */,
			);
			defaultConfigurationIsVisible = 0;
			defaultConfigurationName = Release;
		};
/* End XCConfigurationList section */
	};
	rootObject = ABB03A801D5A0B5C00580C9F /* Project object */;
}
